// !$*UTF8*$!
{
	archiveVersion = 1;
	classes = {
	};
	objectVersion = 56;
	objects = {

/* Begin PBXBuildFile section */
		176A4C31291944990017F4A6 /* AppDelegate.swift in Sources */ = {isa = PBXBuildFile; fileRef = 176A4C30291944990017F4A6 /* AppDelegate.swift */; };
		176A4C33291944990017F4A6 /* SceneDelegate.swift in Sources */ = {isa = PBXBuildFile; fileRef = 176A4C32291944990017F4A6 /* SceneDelegate.swift */; };
		176A4C35291944990017F4A6 /* ViewController.swift in Sources */ = {isa = PBXBuildFile; fileRef = 176A4C34291944990017F4A6 /* ViewController.swift */; };
		176A4C38291944990017F4A6 /* Main.storyboard in Resources */ = {isa = PBXBuildFile; fileRef = 176A4C36291944990017F4A6 /* Main.storyboard */; };
		176A4C3A2919449B0017F4A6 /* Assets.xcassets in Resources */ = {isa = PBXBuildFile; fileRef = 176A4C392919449B0017F4A6 /* Assets.xcassets */; };
		176A4C3D2919449B0017F4A6 /* LaunchScreen.storyboard in Resources */ = {isa = PBXBuildFile; fileRef = 176A4C3B2919449B0017F4A6 /* LaunchScreen.storyboard */; };
		176A4C482919449B0017F4A6 /* TestGitTests.swift in Sources */ = {isa = PBXBuildFile; fileRef = 176A4C472919449B0017F4A6 /* TestGitTests.swift */; };
		176A4C522919449B0017F4A6 /* TestGitUITests.swift in Sources */ = {isa = PBXBuildFile; fileRef = 176A4C512919449B0017F4A6 /* TestGitUITests.swift */; };
		176A4C542919449B0017F4A6 /* TestGitUITestsLaunchTests.swift in Sources */ = {isa = PBXBuildFile; fileRef = 176A4C532919449B0017F4A6 /* TestGitUITestsLaunchTests.swift */; };
/* End PBXBuildFile section */

/* Begin PBXContainerItemProxy section */
		176A4C442919449B0017F4A6 /* PBXContainerItemProxy */ = {
			isa = PBXContainerItemProxy;
			containerPortal = 176A4C25291944990017F4A6 /* Project object */;
			proxyType = 1;
			remoteGlobalIDString = 176A4C2C291944990017F4A6;
			remoteInfo = TestGit;
		};
		176A4C4E2919449B0017F4A6 /* PBXContainerItemProxy */ = {
			isa = PBXContainerItemProxy;
			containerPortal = 176A4C25291944990017F4A6 /* Project object */;
			proxyType = 1;
			remoteGlobalIDString = 176A4C2C291944990017F4A6;
			remoteInfo = TestGit;
		};
/* End PBXContainerItemProxy section */

/* Begin PBXFileReference section */
		176A4C2D291944990017F4A6 /* TestGit.app */ = {isa = PBXFileReference; explicitFileType = wrapper.application; includeInIndex = 0; path = TestGit.app; sourceTree = BUILT_PRODUCTS_DIR; };
		176A4C30291944990017F4A6 /* AppDelegate.swift */ = {isa = PBXFileReference; lastKnownFileType = sourcecode.swift; path = AppDelegate.swift; sourceTree = "<group>"; };
		176A4C32291944990017F4A6 /* SceneDelegate.swift */ = {isa = PBXFileReference; lastKnownFileType = sourcecode.swift; path = SceneDelegate.swift; sourceTree = "<group>"; };
		176A4C34291944990017F4A6 /* ViewController.swift */ = {isa = PBXFileReference; lastKnownFileType = sourcecode.swift; path = ViewController.swift; sourceTree = "<group>"; };
		176A4C37291944990017F4A6 /* Base */ = {isa = PBXFileReference; lastKnownFileType = file.storyboard; name = Base; path = Base.lproj/Main.storyboard; sourceTree = "<group>"; };
		176A4C392919449B0017F4A6 /* Assets.xcassets */ = {isa = PBXFileReference; lastKnownFileType = folder.assetcatalog; path = Assets.xcassets; sourceTree = "<group>"; };
		176A4C3C2919449B0017F4A6 /* Base */ = {isa = PBXFileReference; lastKnownFileType = file.storyboard; name = Base; path = Base.lproj/LaunchScreen.storyboard; sourceTree = "<group>"; };
		176A4C3E2919449B0017F4A6 /* Info.plist */ = {isa = PBXFileReference; lastKnownFileType = text.plist.xml; path = Info.plist; sourceTree = "<group>"; };
		176A4C432919449B0017F4A6 /* TestGitTests.xctest */ = {isa = PBXFileReference; explicitFileType = wrapper.cfbundle; includeInIndex = 0; path = TestGitTests.xctest; sourceTree = BUILT_PRODUCTS_DIR; };
		176A4C472919449B0017F4A6 /* TestGitTests.swift */ = {isa = PBXFileReference; lastKnownFileType = sourcecode.swift; path = TestGitTests.swift; sourceTree = "<group>"; };
		176A4C4D2919449B0017F4A6 /* TestGitUITests.xctest */ = {isa = PBXFileReference; explicitFileType = wrapper.cfbundle; includeInIndex = 0; path = TestGitUITests.xctest; sourceTree = BUILT_PRODUCTS_DIR; };
		176A4C512919449B0017F4A6 /* TestGitUITests.swift */ = {isa = PBXFileReference; lastKnownFileType = sourcecode.swift; path = TestGitUITests.swift; sourceTree = "<group>"; };
		176A4C532919449B0017F4A6 /* TestGitUITestsLaunchTests.swift */ = {isa = PBXFileReference; lastKnownFileType = sourcecode.swift; path = TestGitUITestsLaunchTests.swift; sourceTree = "<group>"; };
/* End PBXFileReference section */

/* Begin PBXFrameworksBuildPhase section */
		176A4C2A291944990017F4A6 /* Frameworks */ = {
			isa = PBXFrameworksBuildPhase;
			buildActionMask = 2147483647;
			files = (
			);
			runOnlyForDeploymentPostprocessing = 0;
		};
		176A4C402919449B0017F4A6 /* Frameworks */ = {
			isa = PBXFrameworksBuildPhase;
			buildActionMask = 2147483647;
			files = (
			);
			runOnlyForDeploymentPostprocessing = 0;
		};
		176A4C4A2919449B0017F4A6 /* Frameworks */ = {
			isa = PBXFrameworksBuildPhase;
			buildActionMask = 2147483647;
			files = (
			);
			runOnlyForDeploymentPostprocessing = 0;
		};
/* End PBXFrameworksBuildPhase section */

/* Begin PBXGroup section */
		176A4C24291944990017F4A6 = {
			isa = PBXGroup;
			children = (
				176A4C2F291944990017F4A6 /* TestGit */,
				176A4C462919449B0017F4A6 /* TestGitTests */,
				176A4C502919449B0017F4A6 /* TestGitUITests */,
				176A4C2E291944990017F4A6 /* Products */,
			);
			sourceTree = "<group>";
		};
		176A4C2E291944990017F4A6 /* Products */ = {
			isa = PBXGroup;
			children = (
				176A4C2D291944990017F4A6 /* TestGit.app */,
				176A4C432919449B0017F4A6 /* TestGitTests.xctest */,
				176A4C4D2919449B0017F4A6 /* TestGitUITests.xctest */,
			);
			name = Products;
			sourceTree = "<group>";
		};
		176A4C2F291944990017F4A6 /* TestGit */ = {
			isa = PBXGroup;
			children = (
				176A4C30291944990017F4A6 /* AppDelegate.swift */,
				176A4C32291944990017F4A6 /* SceneDelegate.swift */,
				176A4C34291944990017F4A6 /* ViewController.swift */,
				176A4C36291944990017F4A6 /* Main.storyboard */,
				176A4C392919449B0017F4A6 /* Assets.xcassets */,
				176A4C3B2919449B0017F4A6 /* LaunchScreen.storyboard */,
				176A4C3E2919449B0017F4A6 /* Info.plist */,
			);
			path = TestGit;
			sourceTree = "<group>";
		};
		176A4C462919449B0017F4A6 /* TestGitTests */ = {
			isa = PBXGroup;
			children = (
				176A4C472919449B0017F4A6 /* TestGitTests.swift */,
			);
			path = TestGitTests;
			sourceTree = "<group>";
		};
		176A4C502919449B0017F4A6 /* TestGitUITests */ = {
			isa = PBXGroup;
			children = (
				176A4C512919449B0017F4A6 /* TestGitUITests.swift */,
				176A4C532919449B0017F4A6 /* TestGitUITestsLaunchTests.swift */,
			);
			path = TestGitUITests;
			sourceTree = "<group>";
		};
/* End PBXGroup section */

/* Begin PBXNativeTarget section */
		176A4C2C291944990017F4A6 /* TestGit */ = {
			isa = PBXNativeTarget;
			buildConfigurationList = 176A4C572919449B0017F4A6 /* Build configuration list for PBXNativeTarget "TestGit" */;
			buildPhases = (
				176A4C29291944990017F4A6 /* Sources */,
				176A4C2A291944990017F4A6 /* Frameworks */,
				176A4C2B291944990017F4A6 /* Resources */,
			);
			buildRules = (
			);
			dependencies = (
			);
			name = TestGit;
			productName = TestGit;
			productReference = 176A4C2D291944990017F4A6 /* TestGit.app */;
			productType = "com.apple.product-type.application";
		};
		176A4C422919449B0017F4A6 /* TestGitTests */ = {
			isa = PBXNativeTarget;
			buildConfigurationList = 176A4C5A2919449B0017F4A6 /* Build configuration list for PBXNativeTarget "TestGitTests" */;
			buildPhases = (
				176A4C3F2919449B0017F4A6 /* Sources */,
				176A4C402919449B0017F4A6 /* Frameworks */,
				176A4C412919449B0017F4A6 /* Resources */,
			);
			buildRules = (
			);
			dependencies = (
				176A4C452919449B0017F4A6 /* PBXTargetDependency */,
			);
			name = TestGitTests;
			productName = TestGitTests;
			productReference = 176A4C432919449B0017F4A6 /* TestGitTests.xctest */;
			productType = "com.apple.product-type.bundle.unit-test";
		};
		176A4C4C2919449B0017F4A6 /* TestGitUITests */ = {
			isa = PBXNativeTarget;
			buildConfigurationList = 176A4C5D2919449B0017F4A6 /* Build configuration list for PBXNativeTarget "TestGitUITests" */;
			buildPhases = (
				176A4C492919449B0017F4A6 /* Sources */,
				176A4C4A2919449B0017F4A6 /* Frameworks */,
				176A4C4B2919449B0017F4A6 /* Resources */,
			);
			buildRules = (
			);
			dependencies = (
				176A4C4F2919449B0017F4A6 /* PBXTargetDependency */,
			);
			name = TestGitUITests;
			productName = TestGitUITests;
			productReference = 176A4C4D2919449B0017F4A6 /* TestGitUITests.xctest */;
			productType = "com.apple.product-type.bundle.ui-testing";
		};
/* End PBXNativeTarget section */

/* Begin PBXProject section */
		176A4C25291944990017F4A6 /* Project object */ = {
			isa = PBXProject;
			attributes = {
				BuildIndependentTargetsInParallel = 1;
				LastSwiftUpdateCheck = 1400;
				LastUpgradeCheck = 1400;
				TargetAttributes = {
					176A4C2C291944990017F4A6 = {
						CreatedOnToolsVersion = 14.0.1;
					};
					176A4C422919449B0017F4A6 = {
						CreatedOnToolsVersion = 14.0.1;
						TestTargetID = 176A4C2C291944990017F4A6;
					};
					176A4C4C2919449B0017F4A6 = {
						CreatedOnToolsVersion = 14.0.1;
						TestTargetID = 176A4C2C291944990017F4A6;
					};
				};
			};
			buildConfigurationList = 176A4C28291944990017F4A6 /* Build configuration list for PBXProject "TestGit" */;
			compatibilityVersion = "Xcode 14.0";
			developmentRegion = en;
			hasScannedForEncodings = 0;
			knownRegions = (
				en,
				Base,
			);
			mainGroup = 176A4C24291944990017F4A6;
			productRefGroup = 176A4C2E291944990017F4A6 /* Products */;
			projectDirPath = "";
			projectRoot = "";
			targets = (
				176A4C2C291944990017F4A6 /* TestGit */,
				176A4C422919449B0017F4A6 /* TestGitTests */,
				176A4C4C2919449B0017F4A6 /* TestGitUITests */,
			);
		};
/* End PBXProject section */

/* Begin PBXResourcesBuildPhase section */
		176A4C2B291944990017F4A6 /* Resources */ = {
			isa = PBXResourcesBuildPhase;
			buildActionMask = 2147483647;
			files = (
				176A4C3D2919449B0017F4A6 /* LaunchScreen.storyboard in Resources */,
				176A4C3A2919449B0017F4A6 /* Assets.xcassets in Resources */,
				176A4C38291944990017F4A6 /* Main.storyboard in Resources */,
			);
			runOnlyForDeploymentPostprocessing = 0;
		};
		176A4C412919449B0017F4A6 /* Resources */ = {
			isa = PBXResourcesBuildPhase;
			buildActionMask = 2147483647;
			files = (
			);
			runOnlyForDeploymentPostprocessing = 0;
		};
		176A4C4B2919449B0017F4A6 /* Resources */ = {
			isa = PBXResourcesBuildPhase;
			buildActionMask = 2147483647;
			files = (
			);
			runOnlyForDeploymentPostprocessing = 0;
		};
/* End PBXResourcesBuildPhase section */

/* Begin PBXSourcesBuildPhase section */
		176A4C29291944990017F4A6 /* Sources */ = {
			isa = PBXSourcesBuildPhase;
			buildActionMask = 2147483647;
			files = (
				176A4C35291944990017F4A6 /* ViewController.swift in Sources */,
				176A4C31291944990017F4A6 /* AppDelegate.swift in Sources */,
				176A4C33291944990017F4A6 /* SceneDelegate.swift in Sources */,
			);
			runOnlyForDeploymentPostprocessing = 0;
		};
		176A4C3F2919449B0017F4A6 /* Sources */ = {
			isa = PBXSourcesBuildPhase;
			buildActionMask = 2147483647;
			files = (
				176A4C482919449B0017F4A6 /* TestGitTests.swift in Sources */,
			);
			runOnlyForDeploymentPostprocessing = 0;
		};
		176A4C492919449B0017F4A6 /* Sources */ = {
			isa = PBXSourcesBuildPhase;
			buildActionMask = 2147483647;
			files = (
				176A4C522919449B0017F4A6 /* TestGitUITests.swift in Sources */,
				176A4C542919449B0017F4A6 /* TestGitUITestsLaunchTests.swift in Sources */,
			);
			runOnlyForDeploymentPostprocessing = 0;
		};
/* End PBXSourcesBuildPhase section */

/* Begin PBXTargetDependency section */
		176A4C452919449B0017F4A6 /* PBXTargetDependency */ = {
			isa = PBXTargetDependency;
			target = 176A4C2C291944990017F4A6 /* TestGit */;
			targetProxy = 176A4C442919449B0017F4A6 /* PBXContainerItemProxy */;
		};
		176A4C4F2919449B0017F4A6 /* PBXTargetDependency */ = {
			isa = PBXTargetDependency;
			target = 176A4C2C291944990017F4A6 /* TestGit */;
			targetProxy = 176A4C4E2919449B0017F4A6 /* PBXContainerItemProxy */;
		};
/* End PBXTargetDependency section */

/* Begin PBXVariantGroup section */
		176A4C36291944990017F4A6 /* Main.storyboard */ = {
			isa = PBXVariantGroup;
			children = (
				176A4C37291944990017F4A6 /* Base */,
			);
			name = Main.storyboard;
			sourceTree = "<group>";
		};
		176A4C3B2919449B0017F4A6 /* LaunchScreen.storyboard */ = {
			isa = PBXVariantGroup;
			children = (
				176A4C3C2919449B0017F4A6 /* Base */,
			);
			name = LaunchScreen.storyboard;
			sourceTree = "<group>";
		};
/* End PBXVariantGroup section */

/* Begin XCBuildConfiguration section */
		176A4C552919449B0017F4A6 /* Debug */ = {
			isa = XCBuildConfiguration;
			buildSettings = {
				ALWAYS_SEARCH_USER_PATHS = NO;
				CLANG_ANALYZER_NONNULL = YES;
				CLANG_ANALYZER_NUMBER_OBJECT_CONVERSION = YES_AGGRESSIVE;
				CLANG_CXX_LANGUAGE_STANDARD = "gnu++20";
				CLANG_ENABLE_MODULES = YES;
				CLANG_ENABLE_OBJC_ARC = YES;
				CLANG_ENABLE_OBJC_WEAK = YES;
				CLANG_WARN_BLOCK_CAPTURE_AUTORELEASING = YES;
				CLANG_WARN_BOOL_CONVERSION = YES;
				CLANG_WARN_COMMA = YES;
				CLANG_WARN_CONSTANT_CONVERSION = YES;
				CLANG_WARN_DEPRECATED_OBJC_IMPLEMENTATIONS = YES;
				CLANG_WARN_DIRECT_OBJC_ISA_USAGE = YES_ERROR;
				CLANG_WARN_DOCUMENTATION_COMMENTS = YES;
				CLANG_WARN_EMPTY_BODY = YES;
				CLANG_WARN_ENUM_CONVERSION = YES;
				CLANG_WARN_INFINITE_RECURSION = YES;
				CLANG_WARN_INT_CONVERSION = YES;
				CLANG_WARN_NON_LITERAL_NULL_CONVERSION = YES;
				CLANG_WARN_OBJC_IMPLICIT_RETAIN_SELF = YES;
				CLANG_WARN_OBJC_LITERAL_CONVERSION = YES;
				CLANG_WARN_OBJC_ROOT_CLASS = YES_ERROR;
				CLANG_WARN_QUOTED_INCLUDE_IN_FRAMEWORK_HEADER = YES;
				CLANG_WARN_RANGE_LOOP_ANALYSIS = YES;
				CLANG_WARN_STRICT_PROTOTYPES = YES;
				CLANG_WARN_SUSPICIOUS_MOVE = YES;
				CLANG_WARN_UNGUARDED_AVAILABILITY = YES_AGGRESSIVE;
				CLANG_WARN_UNREACHABLE_CODE = YES;
				CLANG_WARN__DUPLICATE_METHOD_MATCH = YES;
				COPY_PHASE_STRIP = NO;
				DEBUG_INFORMATION_FORMAT = dwarf;
				ENABLE_STRICT_OBJC_MSGSEND = YES;
				ENABLE_TESTABILITY = YES;
				GCC_C_LANGUAGE_STANDARD = gnu11;
				GCC_DYNAMIC_NO_PIC = NO;
				GCC_NO_COMMON_BLOCKS = YES;
				GCC_OPTIMIZATION_LEVEL = 0;
				GCC_PREPROCESSOR_DEFINITIONS = (
					"DEBUG=1",
					"$(inherited)",
				);
				GCC_WARN_64_TO_32_BIT_CONVERSION = YES;
				GCC_WARN_ABOUT_RETURN_TYPE = YES_ERROR;
				GCC_WARN_UNDECLARED_SELECTOR = YES;
				GCC_WARN_UNINITIALIZED_AUTOS = YES_AGGRESSIVE;
				GCC_WARN_UNUSED_FUNCTION = YES;
				GCC_WARN_UNUSED_VARIABLE = YES;
				IPHONEOS_DEPLOYMENT_TARGET = 16.0;
				MTL_ENABLE_DEBUG_INFO = INCLUDE_SOURCE;
				MTL_FAST_MATH = YES;
				ONLY_ACTIVE_ARCH = YES;
				SDKROOT = iphoneos;
				SWIFT_ACTIVE_COMPILATION_CONDITIONS = DEBUG;
				SWIFT_OPTIMIZATION_LEVEL = "-Onone";
			};
			name = Debug;
		};
		176A4C562919449B0017F4A6 /* Release */ = {
			isa = XCBuildConfiguration;
			buildSettings = {
				ALWAYS_SEARCH_USER_PATHS = NO;
				CLANG_ANALYZER_NONNULL = YES;
				CLANG_ANALYZER_NUMBER_OBJECT_CONVERSION = YES_AGGRESSIVE;
				CLANG_CXX_LANGUAGE_STANDARD = "gnu++20";
				CLANG_ENABLE_MODULES = YES;
				CLANG_ENABLE_OBJC_ARC = YES;
				CLANG_ENABLE_OBJC_WEAK = YES;
				CLANG_WARN_BLOCK_CAPTURE_AUTORELEASING = YES;
				CLANG_WARN_BOOL_CONVERSION = YES;
				CLANG_WARN_COMMA = YES;
				CLANG_WARN_CONSTANT_CONVERSION = YES;
				CLANG_WARN_DEPRECATED_OBJC_IMPLEMENTATIONS = YES;
				CLANG_WARN_DIRECT_OBJC_ISA_USAGE = YES_ERROR;
				CLANG_WARN_DOCUMENTATION_COMMENTS = YES;
				CLANG_WARN_EMPTY_BODY = YES;
				CLANG_WARN_ENUM_CONVERSION = YES;
				CLANG_WARN_INFINITE_RECURSION = YES;
				CLANG_WARN_INT_CONVERSION = YES;
				CLANG_WARN_NON_LITERAL_NULL_CONVERSION = YES;
				CLANG_WARN_OBJC_IMPLICIT_RETAIN_SELF = YES;
				CLANG_WARN_OBJC_LITERAL_CONVERSION = YES;
				CLANG_WARN_OBJC_ROOT_CLASS = YES_ERROR;
				CLANG_WARN_QUOTED_INCLUDE_IN_FRAMEWORK_HEADER = YES;
				CLANG_WARN_RANGE_LOOP_ANALYSIS = YES;
				CLANG_WARN_STRICT_PROTOTYPES = YES;
				CLANG_WARN_SUSPICIOUS_MOVE = YES;
				CLANG_WARN_UNGUARDED_AVAILABILITY = YES_AGGRESSIVE;
				CLANG_WARN_UNREACHABLE_CODE = YES;
				CLANG_WARN__DUPLICATE_METHOD_MATCH = YES;
				COPY_PHASE_STRIP = NO;
				DEBUG_INFORMATION_FORMAT = "dwarf-with-dsym";
				ENABLE_NS_ASSERTIONS = NO;
				ENABLE_STRICT_OBJC_MSGSEND = YES;
				GCC_C_LANGUAGE_STANDARD = gnu11;
				GCC_NO_COMMON_BLOCKS = YES;
				GCC_WARN_64_TO_32_BIT_CONVERSION = YES;
				GCC_WARN_ABOUT_RETURN_TYPE = YES_ERROR;
				GCC_WARN_UNDECLARED_SELECTOR = YES;
				GCC_WARN_UNINITIALIZED_AUTOS = YES_AGGRESSIVE;
				GCC_WARN_UNUSED_FUNCTION = YES;
				GCC_WARN_UNUSED_VARIABLE = YES;
				IPHONEOS_DEPLOYMENT_TARGET = 16.0;
				MTL_ENABLE_DEBUG_INFO = NO;
				MTL_FAST_MATH = YES;
				SDKROOT = iphoneos;
				SWIFT_COMPILATION_MODE = wholemodule;
				SWIFT_OPTIMIZATION_LEVEL = "-O";
				VALIDATE_PRODUCT = YES;
			};
			name = Release;
		};
		176A4C582919449B0017F4A6 /* Debug */ = {
			isa = XCBuildConfiguration;
			buildSettings = {
				ASSETCATALOG_COMPILER_APPICON_NAME = AppIcon;
				ASSETCATALOG_COMPILER_GLOBAL_ACCENT_COLOR_NAME = AccentColor;
				CODE_SIGN_STYLE = Automatic;
				CURRENT_PROJECT_VERSION = 1;
				GENERATE_INFOPLIST_FILE = YES;
				INFOPLIST_FILE = TestGit/Info.plist;
				INFOPLIST_KEY_UIApplicationSupportsIndirectInputEvents = YES;
				INFOPLIST_KEY_UILaunchStoryboardName = LaunchScreen;
				INFOPLIST_KEY_UIMainStoryboardFile = Main;
				INFOPLIST_KEY_UISupportedInterfaceOrientations_iPad = "UIInterfaceOrientationPortrait UIInterfaceOrientationPortraitUpsideDown UIInterfaceOrientationLandscapeLeft UIInterfaceOrientationLandscapeRight";
				INFOPLIST_KEY_UISupportedInterfaceOrientations_iPhone = "UIInterfaceOrientationPortrait UIInterfaceOrientationLandscapeLeft UIInterfaceOrientationLandscapeRight";
				LD_RUNPATH_SEARCH_PATHS = (
					"$(inherited)",
					"@executable_path/Frameworks",
				);
				MARKETING_VERSION = 1.0;
				PRODUCT_BUNDLE_IDENTIFIER = com.karen.TestGit;
				PRODUCT_NAME = "$(TARGET_NAME)";
				SWIFT_EMIT_LOC_STRINGS = YES;
				SWIFT_VERSION = 5.0;
				TARGETED_DEVICE_FAMILY = "1,2";
			};
			name = Debug;
		};
		176A4C592919449B0017F4A6 /* Release */ = {
			isa = XCBuildConfiguration;
			buildSettings = {
				ASSETCATALOG_COMPILER_APPICON_NAME = AppIcon;
				ASSETCATALOG_COMPILER_GLOBAL_ACCENT_COLOR_NAME = AccentColor;
				CODE_SIGN_STYLE = Automatic;
				CURRENT_PROJECT_VERSION = 1;
				GENERATE_INFOPLIST_FILE = YES;
				INFOPLIST_FILE = TestGit/Info.plist;
				INFOPLIST_KEY_UIApplicationSupportsIndirectInputEvents = YES;
				INFOPLIST_KEY_UILaunchStoryboardName = LaunchScreen;
				INFOPLIST_KEY_UIMainStoryboardFile = Main;
				INFOPLIST_KEY_UISupportedInterfaceOrientations_iPad = "UIInterfaceOrientationPortrait UIInterfaceOrientationPortraitUpsideDown UIInterfaceOrientationLandscapeLeft UIInterfaceOrientationLandscapeRight";
				INFOPLIST_KEY_UISupportedInterfaceOrientations_iPhone = "UIInterfaceOrientationPortrait UIInterfaceOrientationLandscapeLeft UIInterfaceOrientationLandscapeRight";
				LD_RUNPATH_SEARCH_PATHS = (
					"$(inherited)",
					"@executable_path/Frameworks",
				);
				MARKETING_VERSION = 1.0;
				PRODUCT_BUNDLE_IDENTIFIER = com.karen.TestGit;
				PRODUCT_NAME = "$(TARGET_NAME)";
				SWIFT_EMIT_LOC_STRINGS = YES;
				SWIFT_VERSION = 5.0;
				TARGETED_DEVICE_FAMILY = "1,2";
			};
			name = Release;
		};
		176A4C5B2919449B0017F4A6 /* Debug */ = {
			isa = XCBuildConfiguration;
			buildSettings = {
				ALWAYS_EMBED_SWIFT_STANDARD_LIBRARIES = YES;
				BUNDLE_LOADER = "$(TEST_HOST)";
				CODE_SIGN_STYLE = Automatic;
				CURRENT_PROJECT_VERSION = 1;
				GENERATE_INFOPLIST_FILE = YES;
				IPHONEOS_DEPLOYMENT_TARGET = 16.0;
				MARKETING_VERSION = 1.0;
				PRODUCT_BUNDLE_IDENTIFIER = com.karen.TestGitTests;
				PRODUCT_NAME = "$(TARGET_NAME)";
				SWIFT_EMIT_LOC_STRINGS = NO;
				SWIFT_VERSION = 5.0;
				TARGETED_DEVICE_FAMILY = "1,2";
				TEST_HOST = "$(BUILT_PRODUCTS_DIR)/TestGit.app/$(BUNDLE_EXECUTABLE_FOLDER_PATH)/TestGit";
			};
			name = Debug;
		};
		176A4C5C2919449B0017F4A6 /* Release */ = {
			isa = XCBuildConfiguration;
			buildSettings = {
				ALWAYS_EMBED_SWIFT_STANDARD_LIBRARIES = YES;
				BUNDLE_LOADER = "$(TEST_HOST)";
				CODE_SIGN_STYLE = Automatic;
				CURRENT_PROJECT_VERSION = 1;
				GENERATE_INFOPLIST_FILE = YES;
				IPHONEOS_DEPLOYMENT_TARGET = 16.0;
				MARKETING_VERSION = 1.0;
				PRODUCT_BUNDLE_IDENTIFIER = com.karen.TestGitTests;
				PRODUCT_NAME = "$(TARGET_NAME)";
				SWIFT_EMIT_LOC_STRINGS = NO;
				SWIFT_VERSION = 5.0;
				TARGETED_DEVICE_FAMILY = "1,2";
				TEST_HOST = "$(BUILT_PRODUCTS_DIR)/TestGit.app/$(BUNDLE_EXECUTABLE_FOLDER_PATH)/TestGit";
			};
			name = Release;
		};
		176A4C5E2919449B0017F4A6 /* Debug */ = {
			isa = XCBuildConfiguration;
			buildSettings = {
				ALWAYS_EMBED_SWIFT_STANDARD_LIBRARIES = YES;
				CODE_SIGN_STYLE = Automatic;
				CURRENT_PROJECT_VERSION = 1;
				GENERATE_INFOPLIST_FILE = YES;
				MARKETING_VERSION = 1.0;
				PRODUCT_BUNDLE_IDENTIFIER = com.karen.TestGitUITests;
				PRODUCT_NAME = "$(TARGET_NAME)";
				SWIFT_EMIT_LOC_STRINGS = NO;
				SWIFT_VERSION = 5.0;
				TARGETED_DEVICE_FAMILY = "1,2";
				TEST_TARGET_NAME = TestGit;
			};
			name = Debug;
		};
		176A4C5F2919449B0017F4A6 /* Release */ = {
			isa = XCBuildConfiguration;
			buildSettings = {
				ALWAYS_EMBED_SWIFT_STANDARD_LIBRARIES = YES;
				CODE_SIGN_STYLE = Automatic;
				CURRENT_PROJECT_VERSION = 1;
				GENERATE_INFOPLIST_FILE = YES;
				MARKETING_VERSION = 1.0;
				PRODUCT_BUNDLE_IDENTIFIER = com.karen.TestGitUITests;
				PRODUCT_NAME = "$(TARGET_NAME)";
				SWIFT_EMIT_LOC_STRINGS = NO;
				SWIFT_VERSION = 5.0;
				TARGETED_DEVICE_FAMILY = "1,2";
				TEST_TARGET_NAME = TestGit;
			};
			name = Release;
		};
/* End XCBuildConfiguration section */

/* Begin XCConfigurationList section */
		176A4C28291944990017F4A6 /* Build configuration list for PBXProject "TestGit" */ = {
			isa = XCConfigurationList;
			buildConfigurations = (
				176A4C552919449B0017F4A6 /* Debug */,
				176A4C562919449B0017F4A6 /* Release */,
			);
			defaultConfigurationIsVisible = 0;
			defaultConfigurationName = Release;
		};
		176A4C572919449B0017F4A6 /* Build configuration list for PBXNativeTarget "TestGit" */ = {
			isa = XCConfigurationList;
			buildConfigurations = (
				176A4C582919449B0017F4A6 /* Debug */,
				176A4C592919449B0017F4A6 /* Release */,
			);
			defaultConfigurationIsVisible = 0;
			defaultConfigurationName = Release;
		};
		176A4C5A2919449B0017F4A6 /* Build configuration list for PBXNativeTarget "TestGitTests" */ = {
			isa = XCConfigurationList;
			buildConfigurations = (
				176A4C5B2919449B0017F4A6 /* Debug */,
				176A4C5C2919449B0017F4A6 /* Release */,
			);
			defaultConfigurationIsVisible = 0;
			defaultConfigurationName = Release;
		};
		176A4C5D2919449B0017F4A6 /* Build configuration list for PBXNativeTarget "TestGitUITests" */ = {
			isa = XCConfigurationList;
			buildConfigurations = (
				176A4C5E2919449B0017F4A6 /* Debug */,
				176A4C5F2919449B0017F4A6 /* Release */,
			);
			defaultConfigurationIsVisible = 0;
			defaultConfigurationName = Release;
		};
/* End XCConfigurationList section */
	};
	rootObject = 176A4C25291944990017F4A6 /* Project object */;
}
